
Microsoft Visual Studio Solution File, Format Version 12.00
# Visual Studio Version 17
VisualStudioVersion = 17.4.33122.133
MinimumVisualStudioVersion = 10.0.40219.1
Project("{FAE04EC0-301F-11D3-BF4B-00C04F79EFBC}") = "SportWpfApp", "SportWpfApp\SportWpfApp.csproj", "{910B634D-87C9-45B3-BF95-B755D44BEDA2}"
EndProject
Global
	GlobalSection(SolutionConfigurationPlatforms) = preSolution
		Debug|Any CPU = Debug|Any CPU
		Release|Any CPU = Release|Any CPU
	EndGlobalSection
	GlobalSection(ProjectConfigurationPlatforms) = postSolution
		{910B634D-87C9-45B3-BF95-B755D44BEDA2}.Debug|Any CPU.ActiveCfg = Debug|Any CPU
		{910B634D-87C9-45B3-BF95-B755D44BEDA2}.Debug|Any CPU.Build.0 = Debug|Any CPU
		{910B634D-87C9-45B3-BF95-B755D44BEDA2}.Release|Any CPU.ActiveCfg = Release|Any CPU
		{910B634D-87C9-45B3-BF95-B755D44BEDA2}.Release|Any CPU.Build.0 = Release|Any CPU
	EndGlobalSection
	GlobalSection(SolutionProperties) = preSolution
		HideSolutionNode = FALSE
	EndGlobalSection
	GlobalSection(ExtensibilityGlobals) = postSolution
		SolutionGuid = {A8C0C5E5-E0D5-4726-925D-920704F9B3F8}
	EndGlobalSection
EndGlobal
